
Microsoft Visual Studio Solution File, Format Version 12.00
# Visual Studio Version 17
VisualStudioVersion = 17.1.32319.34
MinimumVisualStudioVersion = 10.0.40219.1
Project("{FAE04EC0-301F-11D3-BF4B-00C04F79EFBC}") = "API_BLOG", "API_BLOG\API_BLOG.csproj", "{9F7AEBB4-47E9-4E72-A8DE-0B5891EE9102}"
EndProject
Global
	GlobalSection(SolutionConfigurationPlatforms) = preSolution
		Debug|Any CPU = Debug|Any CPU
		Release|Any CPU = Release|Any CPU
	EndGlobalSection
	GlobalSection(ProjectConfigurationPlatforms) = postSolution
		{9F7AEBB4-47E9-4E72-A8DE-0B5891EE9102}.Debug|Any CPU.ActiveCfg = Debug|Any CPU
		{9F7AEBB4-47E9-4E72-A8DE-0B5891EE9102}.Debug|Any CPU.Build.0 = Debug|Any CPU
		{9F7AEBB4-47E9-4E72-A8DE-0B5891EE9102}.Release|Any CPU.ActiveCfg = Release|Any CPU
		{9F7AEBB4-47E9-4E72-A8DE-0B5891EE9102}.Release|Any CPU.Build.0 = Release|Any CPU
	EndGlobalSection
	GlobalSection(SolutionProperties) = preSolution
		HideSolutionNode = FALSE
	EndGlobalSection
	GlobalSection(ExtensibilityGlobals) = postSolution
		SolutionGuid = {598C9D56-F13E-41A8-BC1A-BB904D86F868}
	EndGlobalSection
EndGlobal
